
Microsoft Visual Studio Solution File, Format Version 12.00
# Visual Studio 15
Project("{FAE04EC0-301F-11D3-BF4B-00C04F79EFBC}") = "Assembly-CSharp", "Assembly-CSharp.csproj", "{914B37A7-D757-76CA-E4B7-82AE1FC55C01}"
EndProject
Project("{FAE04EC0-301F-11D3-BF4B-00C04F79EFBC}") = "Assembly-CSharp-firstpass", "Assembly-CSharp-firstpass.csproj", "{AB584E12-C77B-517D-860A-92E0CD03EC5D}"
EndProject
Project("{FAE04EC0-301F-11D3-BF4B-00C04F79EFBC}") = "Assembly-CSharp-Editor", "Assembly-CSharp-Editor.csproj", "{0EA47D8A-365B-B712-7F12-198D50CBDD40}"
EndProject
Global
	GlobalSection(SolutionConfigurationPlatforms) = preSolution
		Debug|Any CPU = Debug|Any CPU
		Release|Any CPU = Release|Any CPU
	EndGlobalSection
	GlobalSection(ProjectConfigurationPlatforms) = postSolution
		{914B37A7-D757-76CA-E4B7-82AE1FC55C01}.Debug|Any CPU.ActiveCfg = Debug|Any CPU
		{914B37A7-D757-76CA-E4B7-82AE1FC55C01}.Debug|Any CPU.Build.0 = Debug|Any CPU
		{914B37A7-D757-76CA-E4B7-82AE1FC55C01}.Release|Any CPU.ActiveCfg = Release|Any CPU
		{914B37A7-D757-76CA-E4B7-82AE1FC55C01}.Release|Any CPU.Build.0 = Release|Any CPU
		{AB584E12-C77B-517D-860A-92E0CD03EC5D}.Debug|Any CPU.ActiveCfg = Debug|Any CPU
		{AB584E12-C77B-517D-860A-92E0CD03EC5D}.Debug|Any CPU.Build.0 = Debug|Any CPU
		{AB584E12-C77B-517D-860A-92E0CD03EC5D}.Release|Any CPU.ActiveCfg = Release|Any CPU
		{AB584E12-C77B-517D-860A-92E0CD03EC5D}.Release|Any CPU.Build.0 = Release|Any CPU
		{0EA47D8A-365B-B712-7F12-198D50CBDD40}.Debug|Any CPU.ActiveCfg = Debug|Any CPU
		{0EA47D8A-365B-B712-7F12-198D50CBDD40}.Debug|Any CPU.Build.0 = Debug|Any CPU
		{0EA47D8A-365B-B712-7F12-198D50CBDD40}.Release|Any CPU.ActiveCfg = Release|Any CPU
		{0EA47D8A-365B-B712-7F12-198D50CBDD40}.Release|Any CPU.Build.0 = Release|Any CPU
	EndGlobalSection
	GlobalSection(SolutionProperties) = preSolution
		HideSolutionNode = FALSE
	EndGlobalSection
EndGlobal
